
Microsoft Visual Studio Solution File, Format Version 12.00
# Visual Studio Version 17
VisualStudioVersion = 17.13.35919.96 d17.13
MinimumVisualStudioVersion = 10.0.40219.1
Project("{FAE04EC0-301F-11D3-BF4B-00C04F79EFBC}") = "BlogStore.EnitityLayer", "BlogStore.EnitityLayer\BlogStore.EnitityLayer.csproj", "{11793332-E5D5-46FF-8BCB-DC5B55D78146}"
EndProject
Project("{FAE04EC0-301F-11D3-BF4B-00C04F79EFBC}") = "BlogStore.DataAccessLayer", "BlogStore.DataAccessLayer\BlogStore.DataAccessLayer.csproj", "{356E03A9-E579-4EF7-B0AD-0783EC9A3464}"
EndProject
Project("{FAE04EC0-301F-11D3-BF4B-00C04F79EFBC}") = "BlogStore.BussinessLayer", "BlogStore.BussinessLayer\BlogStore.BussinessLayer.csproj", "{A8520E88-F715-4CDE-BB8B-DF2850CC279D}"
EndProject
Project("{FAE04EC0-301F-11D3-BF4B-00C04F79EFBC}") = "BlogStore.WebUI", "BlogStore.WebUI\BlogStore.WebUI.csproj", "{976BCFE0-6F60-48DB-BA90-5D65384D3E22}"
EndProject
Global
	GlobalSection(SolutionConfigurationPlatforms) = preSolution
		Debug|Any CPU = Debug|Any CPU
		Release|Any CPU = Release|Any CPU
	EndGlobalSection
	GlobalSection(ProjectConfigurationPlatforms) = postSolution
		{11793332-E5D5-46FF-8BCB-DC5B55D78146}.Debug|Any CPU.ActiveCfg = Debug|Any CPU
		{11793332-E5D5-46FF-8BCB-DC5B55D78146}.Debug|Any CPU.Build.0 = Debug|Any CPU
		{11793332-E5D5-46FF-8BCB-DC5B55D78146}.Release|Any CPU.ActiveCfg = Release|Any CPU
		{11793332-E5D5-46FF-8BCB-DC5B55D78146}.Release|Any CPU.Build.0 = Release|Any CPU
		{356E03A9-E579-4EF7-B0AD-0783EC9A3464}.Debug|Any CPU.ActiveCfg = Debug|Any CPU
		{356E03A9-E579-4EF7-B0AD-0783EC9A3464}.Debug|Any CPU.Build.0 = Debug|Any CPU
		{356E03A9-E579-4EF7-B0AD-0783EC9A3464}.Release|Any CPU.ActiveCfg = Release|Any CPU
		{356E03A9-E579-4EF7-B0AD-0783EC9A3464}.Release|Any CPU.Build.0 = Release|Any CPU
		{A8520E88-F715-4CDE-BB8B-DF2850CC279D}.Debug|Any CPU.ActiveCfg = Debug|Any CPU
		{A8520E88-F715-4CDE-BB8B-DF2850CC279D}.Debug|Any CPU.Build.0 = Debug|Any CPU
		{A8520E88-F715-4CDE-BB8B-DF2850CC279D}.Release|Any CPU.ActiveCfg = Release|Any CPU
		{A8520E88-F715-4CDE-BB8B-DF2850CC279D}.Release|Any CPU.Build.0 = Release|Any CPU
		{976BCFE0-6F60-48DB-BA90-5D65384D3E22}.Debug|Any CPU.ActiveCfg = Debug|Any CPU
		{976BCFE0-6F60-48DB-BA90-5D65384D3E22}.Debug|Any CPU.Build.0 = Debug|Any CPU
		{976BCFE0-6F60-48DB-BA90-5D65384D3E22}.Release|Any CPU.ActiveCfg = Release|Any CPU
		{976BCFE0-6F60-48DB-BA90-5D65384D3E22}.Release|Any CPU.Build.0 = Release|Any CPU
	EndGlobalSection
	GlobalSection(SolutionProperties) = preSolution
		HideSolutionNode = FALSE
	EndGlobalSection
	GlobalSection(ExtensibilityGlobals) = postSolution
		SolutionGuid = {96FBB5FA-BFC7-4E97-AF8F-0DC4D09F378E}
	EndGlobalSection
EndGlobal
